
Microsoft Visual Studio Solution File, Format Version 12.00
# Visual Studio Version 17
VisualStudioVersion = 17.10.35027.167
MinimumVisualStudioVersion = 10.0.40219.1
Project("{9A19103F-16F7-4668-BE54-9A1E7A4F7556}") = "GymProjectFrontEnd", "GymProjectFrontEnd\GymProjectFrontEnd.csproj", "{3A51255F-90BC-4C32-BA71-F1A2FF57D555}"
EndProject
Global
	GlobalSection(SolutionConfigurationPlatforms) = preSolution
		Debug|Any CPU = Debug|Any CPU
		Release|Any CPU = Release|Any CPU
	EndGlobalSection
	GlobalSection(ProjectConfigurationPlatforms) = postSolution
		{3A51255F-90BC-4C32-BA71-F1A2FF57D555}.Debug|Any CPU.ActiveCfg = Debug|Any CPU
		{3A51255F-90BC-4C32-BA71-F1A2FF57D555}.Debug|Any CPU.Build.0 = Debug|Any CPU
		{3A51255F-90BC-4C32-BA71-F1A2FF57D555}.Release|Any CPU.ActiveCfg = Release|Any CPU
		{3A51255F-90BC-4C32-BA71-F1A2FF57D555}.Release|Any CPU.Build.0 = Release|Any CPU
	EndGlobalSection
	GlobalSection(SolutionProperties) = preSolution
		HideSolutionNode = FALSE
	EndGlobalSection
	GlobalSection(ExtensibilityGlobals) = postSolution
		SolutionGuid = {268D3A37-AE16-4254-B381-67B300CA9C93}
	EndGlobalSection
EndGlobal
